
Microsoft Visual Studio Solution File, Format Version 12.00
# Visual Studio Version 17
VisualStudioVersion = 17.7.34031.279
MinimumVisualStudioVersion = 10.0.40219.1
Project("{FAE04EC0-301F-11D3-BF4B-00C04F79EFBC}") = "MP3", "MP3\MP3.csproj", "{5982B5E6-96A0-471E-9346-1B70E4CC2844}"
EndProject
Project("{FAE04EC0-301F-11D3-BF4B-00C04F79EFBC}") = "MP32", "MP3.2\MP32.csproj", "{2992683E-B064-40D7-A4A8-04BE7CACCF93}"
EndProject
Project("{FAE04EC0-301F-11D3-BF4B-00C04F79EFBC}") = "MP33", "MP33\MP33.csproj", "{A73A36DF-4627-429D-B81E-A7D920F5ADF4}"
EndProject
Project("{FAE04EC0-301F-11D3-BF4B-00C04F79EFBC}") = "MP34", "MP34\MP34.csproj", "{834B7E6F-D39B-4FFF-8C5E-2FAA2CC62916}"
EndProject
Global
	GlobalSection(SolutionConfigurationPlatforms) = preSolution
		Debug|Any CPU = Debug|Any CPU
		Release|Any CPU = Release|Any CPU
	EndGlobalSection
	GlobalSection(ProjectConfigurationPlatforms) = postSolution
		{5982B5E6-96A0-471E-9346-1B70E4CC2844}.Debug|Any CPU.ActiveCfg = Debug|Any CPU
		{5982B5E6-96A0-471E-9346-1B70E4CC2844}.Debug|Any CPU.Build.0 = Debug|Any CPU
		{5982B5E6-96A0-471E-9346-1B70E4CC2844}.Release|Any CPU.ActiveCfg = Release|Any CPU
		{5982B5E6-96A0-471E-9346-1B70E4CC2844}.Release|Any CPU.Build.0 = Release|Any CPU
		{2992683E-B064-40D7-A4A8-04BE7CACCF93}.Debug|Any CPU.ActiveCfg = Debug|Any CPU
		{2992683E-B064-40D7-A4A8-04BE7CACCF93}.Debug|Any CPU.Build.0 = Debug|Any CPU
		{2992683E-B064-40D7-A4A8-04BE7CACCF93}.Release|Any CPU.ActiveCfg = Release|Any CPU
		{2992683E-B064-40D7-A4A8-04BE7CACCF93}.Release|Any CPU.Build.0 = Release|Any CPU
		{A73A36DF-4627-429D-B81E-A7D920F5ADF4}.Debug|Any CPU.ActiveCfg = Debug|Any CPU
		{A73A36DF-4627-429D-B81E-A7D920F5ADF4}.Debug|Any CPU.Build.0 = Debug|Any CPU
		{A73A36DF-4627-429D-B81E-A7D920F5ADF4}.Release|Any CPU.ActiveCfg = Release|Any CPU
		{A73A36DF-4627-429D-B81E-A7D920F5ADF4}.Release|Any CPU.Build.0 = Release|Any CPU
		{834B7E6F-D39B-4FFF-8C5E-2FAA2CC62916}.Debug|Any CPU.ActiveCfg = Debug|Any CPU
		{834B7E6F-D39B-4FFF-8C5E-2FAA2CC62916}.Debug|Any CPU.Build.0 = Debug|Any CPU
		{834B7E6F-D39B-4FFF-8C5E-2FAA2CC62916}.Release|Any CPU.ActiveCfg = Release|Any CPU
		{834B7E6F-D39B-4FFF-8C5E-2FAA2CC62916}.Release|Any CPU.Build.0 = Release|Any CPU
	EndGlobalSection
	GlobalSection(SolutionProperties) = preSolution
		HideSolutionNode = FALSE
	EndGlobalSection
	GlobalSection(ExtensibilityGlobals) = postSolution
		SolutionGuid = {2A8837D1-D52F-4F64-B7A1-11CB1241980F}
	EndGlobalSection
EndGlobal
