
Microsoft Visual Studio Solution File, Format Version 12.00
# Visual Studio Version 17
VisualStudioVersion = 17.7.34031.279
MinimumVisualStudioVersion = 10.0.40219.1
Project("{FAE04EC0-301F-11D3-BF4B-00C04F79EFBC}") = "MP1", "MP1\MP1.csproj", "{E3EC6A11-AC01-41A7-ACD0-0EE9C377CF27}"
EndProject
Project("{FAE04EC0-301F-11D3-BF4B-00C04F79EFBC}") = "MP2C", "MP2C\MP2C.csproj", "{751D9D2F-BE62-4607-BCA0-E35D26A8C955}"
EndProject
Project("{FAE04EC0-301F-11D3-BF4B-00C04F79EFBC}") = "MP2A", "MP2A\MP2A.csproj", "{7E58181D-2625-44F6-ADB8-803F2BC8064C}"
EndProject
Global
	GlobalSection(SolutionConfigurationPlatforms) = preSolution
		Debug|Any CPU = Debug|Any CPU
		Release|Any CPU = Release|Any CPU
	EndGlobalSection
	GlobalSection(ProjectConfigurationPlatforms) = postSolution
		{E3EC6A11-AC01-41A7-ACD0-0EE9C377CF27}.Debug|Any CPU.ActiveCfg = Debug|Any CPU
		{E3EC6A11-AC01-41A7-ACD0-0EE9C377CF27}.Debug|Any CPU.Build.0 = Debug|Any CPU
		{E3EC6A11-AC01-41A7-ACD0-0EE9C377CF27}.Release|Any CPU.ActiveCfg = Release|Any CPU
		{E3EC6A11-AC01-41A7-ACD0-0EE9C377CF27}.Release|Any CPU.Build.0 = Release|Any CPU
		{751D9D2F-BE62-4607-BCA0-E35D26A8C955}.Debug|Any CPU.ActiveCfg = Debug|Any CPU
		{751D9D2F-BE62-4607-BCA0-E35D26A8C955}.Debug|Any CPU.Build.0 = Debug|Any CPU
		{751D9D2F-BE62-4607-BCA0-E35D26A8C955}.Release|Any CPU.ActiveCfg = Release|Any CPU
		{751D9D2F-BE62-4607-BCA0-E35D26A8C955}.Release|Any CPU.Build.0 = Release|Any CPU
		{7E58181D-2625-44F6-ADB8-803F2BC8064C}.Debug|Any CPU.ActiveCfg = Debug|Any CPU
		{7E58181D-2625-44F6-ADB8-803F2BC8064C}.Debug|Any CPU.Build.0 = Debug|Any CPU
		{7E58181D-2625-44F6-ADB8-803F2BC8064C}.Release|Any CPU.ActiveCfg = Release|Any CPU
		{7E58181D-2625-44F6-ADB8-803F2BC8064C}.Release|Any CPU.Build.0 = Release|Any CPU
	EndGlobalSection
	GlobalSection(SolutionProperties) = preSolution
		HideSolutionNode = FALSE
	EndGlobalSection
	GlobalSection(ExtensibilityGlobals) = postSolution
		SolutionGuid = {72BF2A8C-0DDB-4D0A-9395-455F4CB80543}
	EndGlobalSection
EndGlobal
