
Microsoft Visual Studio Solution File, Format Version 12.00
# Visual Studio Version 17
VisualStudioVersion = 17.7.34031.279
MinimumVisualStudioVersion = 10.0.40219.1
Project("{FAE04EC0-301F-11D3-BF4B-00C04F79EFBC}") = "MP2", "MP2\MP2.csproj", "{6149C4C5-6D80-4558-838A-A3B63B6851DA}"
EndProject
Project("{FAE04EC0-301F-11D3-BF4B-00C04F79EFBC}") = "MP2E", "MP2E\MP2E.csproj", "{3EFCD425-FE68-41D2-BEFA-05DDD0B6101B}"
EndProject
Global
	GlobalSection(SolutionConfigurationPlatforms) = preSolution
		Debug|Any CPU = Debug|Any CPU
		Release|Any CPU = Release|Any CPU
	EndGlobalSection
	GlobalSection(ProjectConfigurationPlatforms) = postSolution
		{6149C4C5-6D80-4558-838A-A3B63B6851DA}.Debug|Any CPU.ActiveCfg = Debug|Any CPU
		{6149C4C5-6D80-4558-838A-A3B63B6851DA}.Debug|Any CPU.Build.0 = Debug|Any CPU
		{6149C4C5-6D80-4558-838A-A3B63B6851DA}.Release|Any CPU.ActiveCfg = Release|Any CPU
		{6149C4C5-6D80-4558-838A-A3B63B6851DA}.Release|Any CPU.Build.0 = Release|Any CPU
		{3EFCD425-FE68-41D2-BEFA-05DDD0B6101B}.Debug|Any CPU.ActiveCfg = Debug|Any CPU
		{3EFCD425-FE68-41D2-BEFA-05DDD0B6101B}.Debug|Any CPU.Build.0 = Debug|Any CPU
		{3EFCD425-FE68-41D2-BEFA-05DDD0B6101B}.Release|Any CPU.ActiveCfg = Release|Any CPU
		{3EFCD425-FE68-41D2-BEFA-05DDD0B6101B}.Release|Any CPU.Build.0 = Release|Any CPU
	EndGlobalSection
	GlobalSection(SolutionProperties) = preSolution
		HideSolutionNode = FALSE
	EndGlobalSection
	GlobalSection(ExtensibilityGlobals) = postSolution
		SolutionGuid = {145BB4C2-5948-4D60-A318-49F23A4F3296}
	EndGlobalSection
EndGlobal
